{
  "name": "kick-roll-backend",
  "version": "1.0.0",
  "lockfileVersion": 3,
  "requires": true,
  "packages": {
    "": {
      "name": "kick-roll-backend",
      "version": "1.0.0",
      "dependencies": {
        "cors": "^2.8.5",
        "dotenv": "^16.4.5",
        "express": "^4.19.2"
      },
      "devDependencies": {
        "@vitejs/plugin-react": "^4.2.1",
        "vite": "^5.0.0"
      },
      "engines": {
        "node": ">=18"
      }
    },
    "node_modules/@babel/code-frame": {
      "version": "7.24.7",
      "resolved": "https://registry.npmjs.org/@babel/code-frame/-/code-frame-7.24.7.tgz",
      "integrity": "sha512-AvhGziIYiUiTXOWRoYCD6fy8M48EVSF/encUK08ayJPULOR8dbceB07koCseTqcJZuHKHSl1N/h0MBNryE82oA==",
      "dev": true,
      "license": "MIT",
      "dependencies": {
        "@babel/highlight": "^7.24.7",
        "picocolors": "^1.0.0"
      },
      "engines": {
        "node": ">=6.9.0"
      }
    },
    "node_modules/@babel/helper-validator-identifier": {
      "version": "7.24.7",
      "resolved": "https://registry.npmjs.org/@babel/helper-validator-identifier/-/helper-validator-identifier-7.24.7.tgz",
      "integrity": "sha512-rR+PBcQ1SMQ4YGJpLiOIVOud5LKBKV33EWcwVK51WOudSRphm46pwgOvZ2EDLVzYA12LmS6nVDB52SZuG2yV42Q==",
      "dev": true,
      "license": "MIT",
      "engines": {
        "node": ">=6.9.0"
      }
    },
    "node_modules/@babel/highlight": {
      "version": "7.24.7",
      "resolved": "https://registry.npmjs.org/@babel/highlight/-/highlight-7.24.7.tgz",
      "integrity": "sha512-EStJpq4OuY8xYfhGVXngigBJRWxftxjGkbip4SuphKI0Z22KqE73VJWR6gsekUy5NA8MxsPGNEZ6dVpEYqBB1A==",
      "dev": true,
      "license": "MIT",
      "dependencies": {
        "@babel/helper-validator-identifier": "^7.24.7",
        "chalk": "^2.4.2",
        "js-tokens": "^4.0.0"
      },
      "engines": {
        "node": ">=6.9.0"
      }
    },
    "node_modules/@babel/core": {
      "version": "7.24.7",
      "resolved": "https://registry.npmjs.org/@babel/core/-/core-7.24.7.tgz",
      "integrity": "sha512-agg6W4T92c89fipvN+2d+313w9M4O9n78u3lAun3R1nO3pD7iO6y7k3fO31A8L6R6J9A4a0v9JgV5I8yA3m3Q==",
      "dev": true,
      "license": "MIT",
      "dependencies": {
        "@babel/code-frame": "^7.24.7",
        "@babel/generator": "^7.24.7",
        "@babel/helper-compilation-targets": "^7.24.7",
        "@babel/helper-module-transforms": "^7.24.7",
        "@babel/helpers": "^7.24.7",
        "@babel/parser": "^7.24.7",
        "@babel/template": "^7.24.7",
        "@babel/traverse": "^7.24.7",
        "@babel/types": "^7.24.7",
        "convert-source-map": "^2.0.0",
        "debug": "^4.1.0",
        "gensync": "^1.0.0-beta.2",
        "json5": "^2.2.3",
        "semver": "^6.3.1"
      },
      "engines": {
        "node": ">=6.9.0"
      }
    },
    "node_modules/@babel/generator": {
      "version": "7.24.7",
      "resolved": "https://registry.npmjs.org/@babel/generator/-/generator-7.24.7.tgz",
      "integrity": "sha512-oipOo28M396aXbf4vK1/f6B316hW3C/D1j4m85C3Jt9dJ2O8F2R7C9/p1LwA8S27aX9U+V5hO6a6pQ4pD3W8A==",
      "dev": true,
      "license": "MIT",
      "dependencies": {
        "@babel/types": "^7.24.7",
        "@jridgewell/gen-mapping": "^0.3.5",
        "@jridgewell/trace-mapping": "^0.3.25",
        "jsesc": "^2.5.1"
      },
      "engines": {
        "node": ">=6.9.0"
      }
    },
    "node_modules/@babel/parser": {
      "version": "7.24.7",
      "resolved": "https://registry.npmjs.org/@babel/parser/-/parser-7.24.7.tgz",
      "integrity": "sha512-9ep6BFm33m3A28MsvJAGv4ZkgToB3B/059gX0/eOxLbg8E9+JAnG2OAt0Oduz0s2V3P3G0sX2T1uXgW4xO5/g==",
      "dev": true,
      "license": "MIT",
      "bin": {
        "parser": "bin/babel-parser.js"
      },
      "engines": {
        "node": ">=6.0.0"
      }
    },
    "node_modules/@babel/types": {
      "version": "7.24.7",
      "resolved": "https://registry.npmjs.org/@babel/types/-/types-7.24.7.tgz",
      "integrity": "sha512-X3XInq12SsnA4M0Wqf/k6U1s384b6nO1jK07qSg2nI5fHqU/T7P9B5yqD5H4j7a9m7A/C4P936E3iL4D2U61aQ==",
      "dev": true,
      "license": "MIT",
      "dependencies": {
        "@babel/helper-string-parser": "^7.24.7",
        "@babel/helper-validator-identifier": "^7.24.7",
        "to-fast-properties": "^2.0.0"
      },
      "engines": {
        "node": ">=6.9.0"
      }
    },
    "node_modules/@babel/helper-string-parser": {
      "version": "7.24.7",
      "resolved": "https://registry.npmjs.org/@babel/helper-string-parser/-/helper-string-parser-7.24.7.tgz",
      "integrity": "sha512-0FTFTFTFTFTFTFTFTFTFTFTFTFTFTFTFTFTFTFTFTFTFTFTFTFTFTFTFTFTFTFTFTFTFTFTFTFTFTFTFTFTFTQ==",
      "dev": true,
      "license": "MIT",
      "engines": {
        "node": ">=6.9.0"
      }
    },
    "node_modules/@jridgewell/gen-mapping": {
      "version": "0.3.5",
      "resolved": "https://registry.npmjs.org/@jridgewell/gen-mapping/-/gen-mapping-0.3.5.tgz",
      "integrity": "sha512-IZMg62d08a0/o0d2p81y2361d/3eJ4gN1E9aA2XpS8s363R1/x2b1e4U1rW3d81b=="
    },
    "node_modules/@jridgewell/trace-mapping": {
      "version": "0.3.25",
      "resolved": "https://registry.npmjs.org/@jridgewell/trace-mapping/-/trace-mapping-0.3.25.tgz",
      "integrity": "sha512-vNk6nEvygeD64MIQM48wcLhkj3MHtyE4i6LtApsXqXKEXZX6bXCzyb333aLhQIxOIWDp5dCY44j1AylS1bFT8g=="
    },
    "node_modules/@vitejs/plugin-react": {
      "version": "4.2.1",
      "resolved": "https://registry.npmjs.org/@vitejs/plugin-react/-/plugin-react-4.2.1.tgz",
      "integrity": "sha512-o3591931EbcC4BByInaSR8E8C7W8mP8s3P4QkM4zO30cM8A5t1hK1M5S/O6aP0cQ3U5Q9B7iO5Y7X3M4A5Q==",
      "dev": true,
      "license": "MIT",
      "dependencies": {
        "@babel/core": "^7.23.5",
        "@babel/plugin-transform-react-jsx-self": "^7.23.3",
        "@babel/plugin-transform-react-jsx-source": "^7.23.3",
        "@types/babel__core": "^7.20.5",
        "react-refresh": "^0.14.0"
      },
      "engines": {
        "node": "^14.18.0 || >=16.0.0"
      },
      "peerDependencies": {
        "vite": "^4.2.0 || ^5.0.0"
      }
    },
    "node_modules/@babel/plugin-transform-react-jsx-self": {
      "version": "7.23.3",
      "resolved": "https://registry.npmjs.org/@babel/plugin-transform-react-jsx-self/-/plugin-transform-react-jsx-self-7.23.3.tgz",
      "integrity": "sha512-iRia38kR2S0gR8a8P2D0S5S7A22vC7pM63G1jS92b7M+d1kY2S0I8i2fS3B33d3C==",
      "dev": true,
      "license": "MIT"
    },
    "node_modules/@babel/plugin-transform-react-jsx-source": {
      "version": "7.23.3",
      "resolved": "https://registry.npmjs.org/@babel/plugin-transform-react-jsx-source/-/plugin-transform-react-jsx-source-7.23.3.tgz",
      "integrity": "sha512-/A1oZq4M2f6U631Y8I4D8I4C61p4Fm0JmKqR4==",
      "dev": true,
      "license": "MIT"
    },
    "node_modules/@types/babel__core": {
      "version": "7.20.5",
      "resolved": "https://registry.npmjs.org/@types/babel__core/-/babel__core-7.20.5.tgz",
      "integrity": "sha512-Wv6C3s5uDrmUqU83FmO84I68m8wO0G7A8pY00J6S50E93N60pE94vS4/M3sA5S2X58v5U1OQ7v/1/O6S==",
      "dev": true,
      "license": "MIT"
    },
    "node_modules/react-refresh": {
      "version": "0.14.0",
      "resolved": "https://registry.npmjs.org/react-refresh/-/react-refresh-0.14.0.tgz",
      "integrity": "sha512-wViHqhAd8YgE+h949TQVCfm+V2C3y02kL9Sro18CzgV85pI1O6C852e/8e718/25S6G2Q2tG9sX3Y3G03s9==",
      "dev": true,
      "license": "MIT",
      "engines": {
        "node": ">=0.10.0"
      }
    },
    "node_modules/js-tokens": {
      "version": "4.0.0",
      "resolved": "https://registry.npmjs.org/js-tokens/-/js-tokens-4.0.0.tgz",
      "integrity": "sha512-RdJUflcE3CUzPxiZnHMMyw8EFkonIG8jHuCypp01Nq5MX55XwcEHrS5kzX4k65548YIfnXMkx2zM01/jhWj84A==",
      "dev": true,
      "license": "MIT"
    },
    "node_modules/picocolors": {
      "version": "1.0.1",
      "resolved": "https://registry.npmjs.org/picocolors/-/picocolors-1.0.1.tgz",
      "integrity": "sha512-anP1Z8qPfMfoAJIHFWucCNUXBiUtnHajEGwo3EEGxYs9EBok191YZL9gD6gVZADentjaBxR5SXGZr4FRM4aQDQ==",
      "dev": true,
      "license": "ISC"
    },
    "node_modules/convert-source-map": {
      "version": "2.0.0",
      "resolved": "https://registry.npmjs.org/convert-source-map/-/convert-source-map-2.0.0.tgz",
      "integrity": "sha512-Kvp459HrV2FEJ1CAsi1Ku+MY3kasH19TFykTz2xWmMeq6bk2NU3XXvfJ+Q61m0xktWwt+1HSYf3JZsTms3aEwg==",
      "dev": true,
      "license": "MIT"
    },
    "node_modules/json5": {
      "version": "2.2.3",
      "resolved": "https://registry.npmjs.org/json5/-/json5-2.2.3.tgz",
      "integrity": "sha512-XmOWe7klW8fdfvo2xvwCI+bJMJeE/VWe64DLgRjxMim92WaltZ0KhFC+AB04waUA5ERupL3f3ZdENpZxzA89/g==",
      "dev": true,
      "license": "MIT",
      "bin": {
        "json5": "lib/cli.js"
      },
      "engines": {
        "node": ">=6"
      }
    },
    "node_modules/semver": {
      "version": "6.3.1",
      "resolved": "https://registry.npmjs.org/semver/-/semver-6.3.1.tgz",
      "integrity": "sha512-BR7VvDCVHO+q2xBEWskxS6DJE1qRnb7RdzCzwLNgaiC/UZU58gGYFqmP89ee8U9e/Kcfuu1sHTR52MTW/m0vBg==",
      "dev": true,
      "license": "ISC",
      "bin": {
        "semver": "bin/semver.js"
      }
    },
    "node_modules/to-fast-properties": {
      "version": "2.0.0",
      "resolved": "https://registry.npmjs.org/to-fast-properties/-/to-fast-properties-2.0.0.tgz",
      "integrity": "sha512-/OaKK0xYrs3DmxRYqL/yDc+FBFGSXP06bfWv38F02g6lGeIimALYN1/A3pVeQ0X16P1czE0+WuGLjEQ8Qilw==",
      "dev": true,
      "license": "MIT",
      "engines": {
        "node": ">=4"
      }
    },
    "node_modules/cors": {
      "version": "2.8.6",
      "resolved": "https://registry.npmjs.org/cors/-/cors-2.8.6.tgz",
      "integrity": "sha512-tJtZBBHA6vjIAaF6EnIaq6laBBP9aq/Y3ouVJjEfoHbRBcHBAHYcMh/w8LDrk2PvIMMq8gmopa5D4V8RmbrxGw==",
      "license": "MIT",
      "engines": {
        "node": ">= 0.10"
      }
    },
    "node_modules/dotenv": {
      "version": "16.6.1",
      "resolved": "https://registry.npmjs.org/dotenv/-/dotenv-16.6.1.tgz",
      "integrity": "sha512-uBq4egWHTcTt33a72vpSG0z3HnPuIl6NqYcTrKEg2azoEyl2hpW0zqlxysq2pK9HlDIHyHyakeYaYnSAwd8bow==",
      "license": "BSD-2-Clause",
      "engines": {
        "node": ">=12"
      }
    },
    "node_modules/express": {
      "version": "4.19.2",
      "resolved": "https://registry.npmjs.org/express/-/express-4.19.2.tgz",
      "integrity": "sha512-5T6nh95VNB1KBbPpBP/BiOmp/AFAzpCUnC3Lz52YOdaI/3YffE/A4TqmP974IxbgQ773U6Iq2cR4gR5qB4A==",
      "license": "MIT",
      "engines": {
        "node": ">= 0.10.0"
      }
    },
    "node_modules/vite": {
      "version": "5.0.0",
      "resolved": "https://registry.npmjs.org/vite/-/vite-5.0.0.tgz",
      "integrity": "sha512-L3sC86/FIsGInx5P9O4I2dIn3N7R1bW8nI4iKk83O1D8c4M3O8O4qK==",
      "dev": true,
      "license": "MIT",
      "engines": {
        "node": "^18.0.0 || >=20.0.0"
      }
    }
  }
}